
Microsoft Visual Studio Solution File, Format Version 12.00
# Visual Studio Version 17
VisualStudioVersion = 17.6.33801.468
MinimumVisualStudioVersion = 10.0.40219.1
Project("{FAE04EC0-301F-11D3-BF4B-00C04F79EFBC}") = "SquareTomachenko", "SquareTomachenko\SquareTomachenko.csproj", "{969A1825-CE59-4CCE-A277-C971277A6909}"
EndProject
Global
	GlobalSection(SolutionConfigurationPlatforms) = preSolution
		Debug|Any CPU = Debug|Any CPU
		Release|Any CPU = Release|Any CPU
	EndGlobalSection
	GlobalSection(ProjectConfigurationPlatforms) = postSolution
		{969A1825-CE59-4CCE-A277-C971277A6909}.Debug|Any CPU.ActiveCfg = Debug|Any CPU
		{969A1825-CE59-4CCE-A277-C971277A6909}.Debug|Any CPU.Build.0 = Debug|Any CPU
		{969A1825-CE59-4CCE-A277-C971277A6909}.Release|Any CPU.ActiveCfg = Release|Any CPU
		{969A1825-CE59-4CCE-A277-C971277A6909}.Release|Any CPU.Build.0 = Release|Any CPU
	EndGlobalSection
	GlobalSection(SolutionProperties) = preSolution
		HideSolutionNode = FALSE
	EndGlobalSection
	GlobalSection(ExtensibilityGlobals) = postSolution
		SolutionGuid = {9B54640D-CB89-4B24-AA80-388FBC268281}
	EndGlobalSection
EndGlobal
